
Microsoft Visual Studio Solution File, Format Version 12.00
# Visual Studio Version 17
VisualStudioVersion = 17.8.34511.84
MinimumVisualStudioVersion = 10.0.40219.1
Project("{FAE04EC0-301F-11D3-BF4B-00C04F79EFBC}") = "TaskManagement", "TaskManagement\TaskManagement.csproj", "{ADDED945-08C1-495C-98F2-BDE5E5A19E8C}"
EndProject
Global
	GlobalSection(SolutionConfigurationPlatforms) = preSolution
		Debug|Any CPU = Debug|Any CPU
		Release|Any CPU = Release|Any CPU
	EndGlobalSection
	GlobalSection(ProjectConfigurationPlatforms) = postSolution
		{ADDED945-08C1-495C-98F2-BDE5E5A19E8C}.Debug|Any CPU.ActiveCfg = Debug|Any CPU
		{ADDED945-08C1-495C-98F2-BDE5E5A19E8C}.Debug|Any CPU.Build.0 = Debug|Any CPU
		{ADDED945-08C1-495C-98F2-BDE5E5A19E8C}.Release|Any CPU.ActiveCfg = Release|Any CPU
		{ADDED945-08C1-495C-98F2-BDE5E5A19E8C}.Release|Any CPU.Build.0 = Release|Any CPU
	EndGlobalSection
	GlobalSection(SolutionProperties) = preSolution
		HideSolutionNode = FALSE
	EndGlobalSection
	GlobalSection(ExtensibilityGlobals) = postSolution
		SolutionGuid = {1C0AD589-2581-40BD-B8DD-DB97377E135D}
	EndGlobalSection
EndGlobal
